<?xml version="1.0" encoding="utf-8"?>
<Project ToolsVersion="4.0" xmlns="http://schemas.microsoft.com/developer/msbuild/2003">
  <ItemGroup>
    <ClCompile Include="dllmain.cpp">
      <Filter>EntryPoint</Filter>
    </ClCompile>
    <ClCompile Include="D3DUtils.cpp">
      <Filter>Utils</Filter>
    </ClCompile>
    <ClCompile Include="Renderer.cpp">
      <Filter>Main</Filter>
    </ClCompile>
    <ClCompile Include="pch.cpp">
      <Filter>Main</Filter>
    </ClCompile>
    <ClCompile Include="MeshObject.cpp">
      <Filter>Main</Filter>
    </ClCompile>
  </ItemGroup>
  <ItemGroup>
    <ClInclude Include="..\..\Common\Type.h">
      <Filter>Common</Filter>
    </ClInclude>
    <ClInclude Include="..\..\Interface\IT_Renderer.h">
      <Filter>Interface</Filter>
    </ClInclude>
    <ClInclude Include="D3DUtils.h">
      <Filter>Utils</Filter>
    </ClInclude>
    <ClInclude Include="Renderer.h">
      <Filter>Main</Filter>
    </ClInclude>
    <ClInclude Include="pch.h">
      <Filter>Main</Filter>
    </ClInclude>
    <ClInclude Include="MeshObject.h">
      <Filter>Main</Filter>
    </ClInclude>
  </ItemGroup>
  <ItemGroup>
    <Filter Include="Common">
      <UniqueIdentifier>{eec156c6-6e06-42c8-80d7-75d3722b4ac1}</UniqueIdentifier>
    </Filter>
    <Filter Include="EntryPoint">
      <UniqueIdentifier>{d99376b0-9fba-446a-8680-f42af71d180c}</UniqueIdentifier>
    </Filter>
    <Filter Include="Interface">
      <UniqueIdentifier>{3c6ef3e9-6234-4518-9e98-ee514f1e1cf4}</UniqueIdentifier>
    </Filter>
    <Filter Include="Utils">
      <UniqueIdentifier>{245a6214-9ed7-43de-bb3a-70e5587fb888}</UniqueIdentifier>
    </Filter>
    <Filter Include="Main">
      <UniqueIdentifier>{3a679cb4-ecab-49e2-b619-c20efc7ddf85}</UniqueIdentifier>
    </Filter>
    <Filter Include="Shader">
      <UniqueIdentifier>{f878e23d-7357-4bcf-82e6-6bb3ed2a68c6}</UniqueIdentifier>
    </Filter>
  </ItemGroup>
  <ItemGroup>
    <None Include="packages.config" />
    <None Include="IT_Renderer.def">
      <Filter>Interface</Filter>
    </None>
  </ItemGroup>
  <ItemGroup>
    <CustomBuild Include="..\..\Shader\BasicShader.hlsl">
      <Filter>Shader</Filter>
    </CustomBuild>
  </ItemGroup>
</Project>