<?xml version="1.0" encoding="utf-8"?>
<Project ToolsVersion="4.0" xmlns="http://schemas.microsoft.com/developer/msbuild/2003">
  <ItemGroup>
    <ClCompile Include="dllmain.cpp">
      <Filter>EntryPoint</Filter>
    </ClCompile>
    <ClCompile Include="D3DUtils.cpp">
      <Filter>Utils</Filter>
    </ClCompile>
    <ClCompile Include="Renderer.cpp">
      <Filter>Main</Filter>
    </ClCompile>
    <ClCompile Include="pch.cpp">
      <Filter>Main</Filter>
    </ClCompile>
    <ClCompile Include="MeshObject.cpp">
      <Filter>Main</Filter>
    </ClCompile>
    <ClCompile Include="ConstantBuffer.cpp">
      <Filter>Main</Filter>
    </ClCompile>
    <ClCompile Include="DescriptorAllocator.cpp">
      <Filter>Main</Filter>
    </ClCompile>
    <ClCompile Include="DescriptorPool.cpp">
      <Filter>Main</Filter>
    </ClCompile>
    <ClCompile Include="ConstantBufferPool.cpp">
      <Filter>Main</Filter>
    </ClCompile>
    <ClCompile Include="SpriteObject.cpp">
      <Filter>Main</Filter>
    </ClCompile>
    <ClCompile Include="ConstantBufferManager.cpp">
      <Filter>Main\Manager</Filter>
    </ClCompile>
    <ClCompile Include="ResourceManager.cpp">
      <Filter>Main\Manager</Filter>
    </ClCompile>
    <ClCompile Include="FontManager.cpp">
      <Filter>Main\Manager</Filter>
    </ClCompile>
    <ClCompile Include="TextureManager.cpp">
      <Filter>Main\Manager</Filter>
    </ClCompile>
    <ClCompile Include="CommandContext.cpp">
      <Filter>Main</Filter>
    </ClCompile>
    <ClCompile Include="RenderQueue.cpp">
      <Filter>Main</Filter>
    </ClCompile>
    <ClCompile Include="GenericUtils.cpp">
      <Filter>Utils</Filter>
    </ClCompile>
    <ClCompile Include="RenderThread.cpp">
      <Filter>Main</Filter>
    </ClCompile>
  </ItemGroup>
  <ItemGroup>
    <ClInclude Include="..\..\Common\Type.h">
      <Filter>Common</Filter>
    </ClInclude>
    <ClInclude Include="..\..\Interface\IT_Renderer.h">
      <Filter>Interface</Filter>
    </ClInclude>
    <ClInclude Include="D3DUtils.h">
      <Filter>Utils</Filter>
    </ClInclude>
    <ClInclude Include="Renderer.h">
      <Filter>Main</Filter>
    </ClInclude>
    <ClInclude Include="pch.h">
      <Filter>Main</Filter>
    </ClInclude>
    <ClInclude Include="MeshObject.h">
      <Filter>Main</Filter>
    </ClInclude>
    <ClInclude Include="..\..\Common\MeshData.h">
      <Filter>Common</Filter>
    </ClInclude>
    <ClInclude Include="..\..\Common\Vertex.h">
      <Filter>Common</Filter>
    </ClInclude>
    <ClInclude Include="RendererType.h">
      <Filter>Main</Filter>
    </ClInclude>
    <ClInclude Include="ConstantBuffer.h">
      <Filter>Main</Filter>
    </ClInclude>
    <ClInclude Include="DescriptorAllocator.h">
      <Filter>Main</Filter>
    </ClInclude>
    <ClInclude Include="DescriptorPool.h">
      <Filter>Main</Filter>
    </ClInclude>
    <ClInclude Include="ConstantBufferPool.h">
      <Filter>Main</Filter>
    </ClInclude>
    <ClInclude Include="SpriteObject.h">
      <Filter>Main</Filter>
    </ClInclude>
    <ClInclude Include="ConstantBufferManager.h">
      <Filter>Main\Manager</Filter>
    </ClInclude>
    <ClInclude Include="ResourceManager.h">
      <Filter>Main\Manager</Filter>
    </ClInclude>
    <ClInclude Include="FontManager.h">
      <Filter>Main\Manager</Filter>
    </ClInclude>
    <ClInclude Include="TextureManager.h">
      <Filter>Main\Manager</Filter>
    </ClInclude>
    <ClInclude Include="CommandContext.h">
      <Filter>Main</Filter>
    </ClInclude>
    <ClInclude Include="RenderQueue.h">
      <Filter>Main</Filter>
    </ClInclude>
    <ClInclude Include="GenericUtils.h">
      <Filter>Utils</Filter>
    </ClInclude>
    <ClInclude Include="RenderThread.h">
      <Filter>Main</Filter>
    </ClInclude>
  </ItemGroup>
  <ItemGroup>
    <Filter Include="Common">
      <UniqueIdentifier>{eec156c6-6e06-42c8-80d7-75d3722b4ac1}</UniqueIdentifier>
    </Filter>
    <Filter Include="EntryPoint">
      <UniqueIdentifier>{d99376b0-9fba-446a-8680-f42af71d180c}</UniqueIdentifier>
    </Filter>
    <Filter Include="Interface">
      <UniqueIdentifier>{3c6ef3e9-6234-4518-9e98-ee514f1e1cf4}</UniqueIdentifier>
    </Filter>
    <Filter Include="Utils">
      <UniqueIdentifier>{245a6214-9ed7-43de-bb3a-70e5587fb888}</UniqueIdentifier>
    </Filter>
    <Filter Include="Main">
      <UniqueIdentifier>{3a679cb4-ecab-49e2-b619-c20efc7ddf85}</UniqueIdentifier>
    </Filter>
    <Filter Include="Shader">
      <UniqueIdentifier>{f878e23d-7357-4bcf-82e6-6bb3ed2a68c6}</UniqueIdentifier>
    </Filter>
    <Filter Include="Main\Manager">
      <UniqueIdentifier>{378a7193-9786-4e80-b0a4-557f6b490457}</UniqueIdentifier>
    </Filter>
  </ItemGroup>
  <ItemGroup>
    <None Include="packages.config" />
    <None Include="IT_Renderer.def">
      <Filter>Interface</Filter>
    </None>
  </ItemGroup>
  <ItemGroup>
    <CustomBuild Include="..\..\Shader\BasicShader.hlsl">
      <Filter>Shader</Filter>
    </CustomBuild>
    <CustomBuild Include="..\..\Shader\SpriteShader.hlsl">
      <Filter>Shader</Filter>
    </CustomBuild>
  </ItemGroup>
</Project>